// !$*UTF8*$!
{
	archiveVersion = 1;
	classes = {
	};
	objectVersion = 46;
	objects = {

/* Begin PBXBuildFile section */
		B0C48DF81CDCC845005F632D /* main.m in Sources */ = {isa = PBXBuildFile; fileRef = B0C48DF71CDCC845005F632D /* main.m */; };
		B0C48E001CDCC97A005F632D /* WHMD5.m in Sources */ = {isa = PBXBuildFile; fileRef = B0C48DFF1CDCC97A005F632D /* WHMD5.m */; };
		B0FEAC5D1CDD86FC003DA8E7 /* PaiLie.m in Sources */ = {isa = PBXBuildFile; fileRef = B0FEAC5C1CDD86FC003DA8E7 /* PaiLie.m */; };
/* End PBXBuildFile section */

/* Begin PBXCopyFilesBuildPhase section */
		B0C48DF21CDCC844005F632D /* CopyFiles */ = {
			isa = PBXCopyFilesBuildPhase;
			buildActionMask = 2147483647;
			dstPath = /usr/share/man/man1/;
			dstSubfolderSpec = 0;
			files = (
			);
			runOnlyForDeploymentPostprocessing = 1;
		};
/* End PBXCopyFilesBuildPhase section */

/* Begin PBXFileReference section */
		B0C48DF41CDCC845005F632D /* MD5_EncoderSign */ = {isa = PBXFileReference; explicitFileType = "compiled.mach-o.executable"; includeInIndex = 0; path = MD5_EncoderSign; sourceTree = BUILT_PRODUCTS_DIR; };
		B0C48DF71CDCC845005F632D /* main.m */ = {isa = PBXFileReference; lastKnownFileType = sourcecode.c.objc; path = main.m; sourceTree = "<group>"; };
		B0C48DFE1CDCC97A005F632D /* WHMD5.h */ = {isa = PBXFileReference; fileEncoding = 4; lastKnownFileType = sourcecode.c.h; path = WHMD5.h; sourceTree = "<group>"; };
		B0C48DFF1CDCC97A005F632D /* WHMD5.m */ = {isa = PBXFileReference; fileEncoding = 4; lastKnownFileType = sourcecode.c.objc; path = WHMD5.m; sourceTree = "<group>"; };
		B0FEAC5B1CDD86FC003DA8E7 /* PaiLie.h */ = {isa = PBXFileReference; fileEncoding = 4; lastKnownFileType = sourcecode.c.h; path = PaiLie.h; sourceTree = "<group>"; };
		B0FEAC5C1CDD86FC003DA8E7 /* PaiLie.m */ = {isa = PBXFileReference; fileEncoding = 4; lastKnownFileType = sourcecode.c.objc; path = PaiLie.m; sourceTree = "<group>"; };
/* End PBXFileReference section */

/* Begin PBXFrameworksBuildPhase section */
		B0C48DF11CDCC844005F632D /* Frameworks */ = {
			isa = PBXFrameworksBuildPhase;
			buildActionMask = 2147483647;
			files = (
			);
			runOnlyForDeploymentPostprocessing = 0;
		};
/* End PBXFrameworksBuildPhase section */

/* Begin PBXGroup section */
		B0C48DEB1CDCC844005F632D = {
			isa = PBXGroup;
			children = (
				B0C48DF61CDCC845005F632D /* MD5_EncoderSign */,
				B0C48DF51CDCC845005F632D /* Products */,
			);
			sourceTree = "<group>";
		};
		B0C48DF51CDCC845005F632D /* Products */ = {
			isa = PBXGroup;
			children = (
				B0C48DF41CDCC845005F632D /* MD5_EncoderSign */,
			);
			name = Products;
			sourceTree = "<group>";
		};
		B0C48DF61CDCC845005F632D /* MD5_EncoderSign */ = {
			isa = PBXGroup;
			children = (
				B0C48DF71CDCC845005F632D /* main.m */,
				B0C48DFE1CDCC97A005F632D /* WHMD5.h */,
				B0C48DFF1CDCC97A005F632D /* WHMD5.m */,
				B0FEAC5B1CDD86FC003DA8E7 /* PaiLie.h */,
				B0FEAC5C1CDD86FC003DA8E7 /* PaiLie.m */,
			);
			path = MD5_EncoderSign;
			sourceTree = "<group>";
		};
/* End PBXGroup section */

/* Begin PBXNativeTarget section */
		B0C48DF31CDCC844005F632D /* MD5_EncoderSign */ = {
			isa = PBXNativeTarget;
			buildConfigurationList = B0C48DFB1CDCC845005F632D /* Build configuration list for PBXNativeTarget "MD5_EncoderSign" */;
			buildPhases = (
				B0C48DF01CDCC844005F632D /* Sources */,
				B0C48DF11CDCC844005F632D /* Frameworks */,
				B0C48DF21CDCC844005F632D /* CopyFiles */,
			);
			buildRules = (
			);
			dependencies = (
			);
			name = MD5_EncoderSign;
			productName = MD5_EncoderSign;
			productReference = B0C48DF41CDCC845005F632D /* MD5_EncoderSign */;
			productType = "com.apple.product-type.tool";
		};
/* End PBXNativeTarget section */

/* Begin PBXProject section */
		B0C48DEC1CDCC844005F632D /* Project object */ = {
			isa = PBXProject;
			attributes = {
				CLASSPREFIX = WH;
				LastUpgradeCheck = 0710;
				ORGANIZATIONNAME = WayneHu;
				TargetAttributes = {
					B0C48DF31CDCC844005F632D = {
						CreatedOnToolsVersion = 7.1;
					};
				};
			};
			buildConfigurationList = B0C48DEF1CDCC844005F632D /* Build configuration list for PBXProject "MD5_EncoderSign" */;
			compatibilityVersion = "Xcode 3.2";
			developmentRegion = English;
			hasScannedForEncodings = 0;
			knownRegions = (
				en,
			);
			mainGroup = B0C48DEB1CDCC844005F632D;
			productRefGroup = B0C48DF51CDCC845005F632D /* Products */;
			projectDirPath = "";
			projectRoot = "";
			targets = (
				B0C48DF31CDCC844005F632D /* MD5_EncoderSign */,
			);
		};
/* End PBXProject section */

/* Begin PBXSourcesBuildPhase section */
		B0C48DF01CDCC844005F632D /* Sources */ = {
			isa = PBXSourcesBuildPhase;
			buildActionMask = 2147483647;
			files = (
				B0FEAC5D1CDD86FC003DA8E7 /* PaiLie.m in Sources */,
				B0C48DF81CDCC845005F632D /* main.m in Sources */,
				B0C48E001CDCC97A005F632D /* WHMD5.m in Sources */,
			);
			runOnlyForDeploymentPostprocessing = 0;
		};
/* End PBXSourcesBuildPhase section */

/* Begin XCBuildConfiguration section */
		B0C48DF91CDCC845005F632D /* Debug */ = {
			isa = XCBuildConfiguration;
			buildSettings = {
				ALWAYS_SEARCH_USER_PATHS = NO;
				CLANG_CXX_LANGUAGE_STANDARD = "gnu++0x";
				CLANG_CXX_LIBRARY = "libc++";
				CLANG_ENABLE_MODULES = YES;
				CLANG_ENABLE_OBJC_ARC = YES;
				CLANG_WARN_BOOL_CONVERSION = YES;
				CLANG_WARN_CONSTANT_CONVERSION = YES;
				CLANG_WARN_DIRECT_OBJC_ISA_USAGE = YES_ERROR;
				CLANG_WARN_EMPTY_BODY = YES;
				CLANG_WARN_ENUM_CONVERSION = YES;
				CLANG_WARN_INT_CONVERSION = YES;
				CLANG_WARN_OBJC_ROOT_CLASS = YES_ERROR;
				CLANG_WARN_UNREACHABLE_CODE = YES;
				CLANG_WARN__DUPLICATE_METHOD_MATCH = YES;
				CODE_SIGN_IDENTITY = "-";
				COPY_PHASE_STRIP = NO;
				DEBUG_INFORMATION_FORMAT = dwarf;
				ENABLE_STRICT_OBJC_MSGSEND = YES;
				ENABLE_TESTABILITY = YES;
				GCC_C_LANGUAGE_STANDARD = gnu99;
				GCC_DYNAMIC_NO_PIC = NO;
				GCC_NO_COMMON_BLOCKS = YES;
				GCC_OPTIMIZATION_LEVEL = 0;
				GCC_PREPROCESSOR_DEFINITIONS = (
					"DEBUG=1",
					"$(inherited)",
				);
				GCC_WARN_64_TO_32_BIT_CONVERSION = YES;
				GCC_WARN_ABOUT_RETURN_TYPE = YES_ERROR;
				GCC_WARN_UNDECLARED_SELECTOR = YES;
				GCC_WARN_UNINITIALIZED_AUTOS = YES_AGGRESSIVE;
				GCC_WARN_UNUSED_FUNCTION = YES;
				GCC_WARN_UNUSED_VARIABLE = YES;
				MACOSX_DEPLOYMENT_TARGET = 10.11;
				MTL_ENABLE_DEBUG_INFO = YES;
				ONLY_ACTIVE_ARCH = YES;
				SDKROOT = macosx;
			};
			name = Debug;
		};
		B0C48DFA1CDCC845005F632D /* Release */ = {
			isa = XCBuildConfiguration;
			buildSettings = {
				ALWAYS_SEARCH_USER_PATHS = NO;
				CLANG_CXX_LANGUAGE_STANDARD = "gnu++0x";
				CLANG_CXX_LIBRARY = "libc++";
				CLANG_ENABLE_MODULES = YES;
				CLANG_ENABLE_OBJC_ARC = YES;
				CLANG_WARN_BOOL_CONVERSION = YES;
				CLANG_WARN_CONSTANT_CONVERSION = YES;
				CLANG_WARN_DIRECT_OBJC_ISA_USAGE = YES_ERROR;
				CLANG_WARN_EMPTY_BODY = YES;
				CLANG_WARN_ENUM_CONVERSION = YES;
				CLANG_WARN_INT_CONVERSION = YES;
				CLANG_WARN_OBJC_ROOT_CLASS = YES_ERROR;
				CLANG_WARN_UNREACHABLE_CODE = YES;
				CLANG_WARN__DUPLICATE_METHOD_MATCH = YES;
				CODE_SIGN_IDENTITY = "-";
				COPY_PHASE_STRIP = NO;
				DEBUG_INFORMATION_FORMAT = "dwarf-with-dsym";
				ENABLE_NS_ASSERTIONS = NO;
				ENABLE_STRICT_OBJC_MSGSEND = YES;
				GCC_C_LANGUAGE_STANDARD = gnu99;
				GCC_NO_COMMON_BLOCKS = YES;
				GCC_WARN_64_TO_32_BIT_CONVERSION = YES;
				GCC_WARN_ABOUT_RETURN_TYPE = YES_ERROR;
				GCC_WARN_UNDECLARED_SELECTOR = YES;
				GCC_WARN_UNINITIALIZED_AUTOS = YES_AGGRESSIVE;
				GCC_WARN_UNUSED_FUNCTION = YES;
				GCC_WARN_UNUSED_VARIABLE = YES;
				MACOSX_DEPLOYMENT_TARGET = 10.11;
				MTL_ENABLE_DEBUG_INFO = NO;
				SDKROOT = macosx;
			};
			name = Release;
		};
		B0C48DFC1CDCC845005F632D /* Debug */ = {
			isa = XCBuildConfiguration;
			buildSettings = {
				PRODUCT_NAME = "$(TARGET_NAME)";
			};
			name = Debug;
		};
		B0C48DFD1CDCC845005F632D /* Release */ = {
			isa = XCBuildConfiguration;
			buildSettings = {
				PRODUCT_NAME = "$(TARGET_NAME)";
			};
			name = Release;
		};
/* End XCBuildConfiguration section */

/* Begin XCConfigurationList section */
		B0C48DEF1CDCC844005F632D /* Build configuration list for PBXProject "MD5_EncoderSign" */ = {
			isa = XCConfigurationList;
			buildConfigurations = (
				B0C48DF91CDCC845005F632D /* Debug */,
				B0C48DFA1CDCC845005F632D /* Release */,
			);
			defaultConfigurationIsVisible = 0;
			defaultConfigurationName = Release;
		};
		B0C48DFB1CDCC845005F632D /* Build configuration list for PBXNativeTarget "MD5_EncoderSign" */ = {
			isa = XCConfigurationList;
			buildConfigurations = (
				B0C48DFC1CDCC845005F632D /* Debug */,
				B0C48DFD1CDCC845005F632D /* Release */,
			);
			defaultConfigurationIsVisible = 0;
			defaultConfigurationName = Release;
		};
/* End XCConfigurationList section */
	};
	rootObject = B0C48DEC1CDCC844005F632D /* Project object */;
}
